{
  "name": "mazemaker",
  "version": "1.0.0",
  "lockfileVersion": 3,
  "requires": true,
  "packages": {
    "": {
      "name": "mazemaker",
      "version": "1.0.0",
      "license": "SEE LICENSE IN LICENSE",
      "dependencies": {
        "supermemory": "^4.25.4"
      }
    },
    "node_modules/supermemory": {
      "version": "4.25.4",
      "resolved": "https://registry.npmjs.org/supermemory/-/supermemory-4.25.4.tgz",
      "integrity": "sha512-97ME3rlmu7OmsXJTb9OgXOD+3VUv4Wej0ZX9xezG+LKkMwrzi4xeeAZaOJFcr0oI/QQjcHG2WOzm+und1e7MFA==",
      "license": "Apache-2.0",
      "bin": {
        "supermemory": "bin/cli"
      }
    }
  }
}
